
Microsoft Visual Studio Solution File, Format Version 12.00
# Visual Studio 15
VisualStudioVersion = 15.0.26127.0
MinimumVisualStudioVersion = 10.0.40219.1
Project("{9A19103F-16F7-4668-BE54-9A1E7A4F7556}") = "SoftwareManagementCore", "SoftwareManagementCore\SoftwareManagementCore.csproj", "{201FF2B7-DF85-414E-8CCB-A76FFC261D6B}"
EndProject
Project("{2150E333-8FDC-42A3-9474-1A3956D46DE8}") = "Projects", "Projects", "{88D02AA3-703C-4F37-835B-03F1965A7D88}"
EndProject
Project("{2150E333-8FDC-42A3-9474-1A3956D46DE8}") = "Products", "Products", "{8980C1CA-C7D2-46A9-B200-6D17809AB0A4}"
EndProject
Project("{2150E333-8FDC-42A3-9474-1A3956D46DE8}") = "Commands", "Commands", "{DC8831D8-C56F-4677-8E6D-53896CD2A38D}"
EndProject
Project("{D954291E-2A0B-460D-934E-DC6B0785DB48}") = "CommandsShared", "CommandsShared\CommandsShared.shproj", "{E836653D-F62D-4262-89CD-622BF092F8E3}"
EndProject
Project("{D954291E-2A0B-460D-934E-DC6B0785DB48}") = "ProjectsShared", "ProjectsShared\ProjectsShared.shproj", "{F36337F9-5492-4327-8301-B0BE8708E8E0}"
EndProject
Project("{D954291E-2A0B-460D-934E-DC6B0785DB48}") = "ProductsShared", "ProductsShared\ProductsShared.shproj", "{51DADD10-16BC-435E-A8FF-79D03F757BB7}"
EndProject
Project("{9A19103F-16F7-4668-BE54-9A1E7A4F7556}") = "SoftwareManagementCoreTests", "SoftwareManagementCoreTests\SoftwareManagementCoreTests.csproj", "{CE367EA4-EFA2-448F-B424-AE09B07ED33D}"
EndProject
Project("{2150E333-8FDC-42A3-9474-1A3956D46DE8}") = "TextFragments", "TextFragments", "{CE820E82-7CED-49CF-82F3-E7841914BEDB}"
EndProject
Project("{D954291E-2A0B-460D-934E-DC6B0785DB48}") = "TextFragmentsShared", "TextFragmentsShared\TextFragmentsShared.shproj", "{C70EF468-FBE9-4E66-8A24-3785140DD09B}"
EndProject
Project("{9A19103F-16F7-4668-BE54-9A1E7A4F7556}") = "SoftwareManagementEFCoreRepository", "SoftwareManagementEFCoreRepository\SoftwareManagementEFCoreRepository.csproj", "{2D51A2EA-AD9B-4C11-AD57-D070CEA77093}"
EndProject
Project("{9A19103F-16F7-4668-BE54-9A1E7A4F7556}") = "SoftwareManagementEFCoreRepositoryTests", "SoftwareManagementEFCoreRepositoryTests\SoftwareManagementEFCoreRepositoryTests.csproj", "{5B291450-0B7E-4D3B-8FE6-751856E5D1AF}"
EndProject
Project("{9A19103F-16F7-4668-BE54-9A1E7A4F7556}") = "SoftwareManagementCoreApi", "SoftwareManagementCoreApi\SoftwareManagementCoreApi.csproj", "{F57F1DFA-58C4-4A85-9C99-E396DD93994B}"
EndProject
Project("{D954291E-2A0B-460D-934E-DC6B0785DB48}") = "DateTimeShared", "DateTimeShared\DateTimeShared.shproj", "{93FF6F34-93FA-4B1E-8828-3D056F144800}"
EndProject
Project("{2150E333-8FDC-42A3-9474-1A3956D46DE8}") = "CustomDateTime", "CustomDateTime", "{D56C3A83-43AE-40C4-85C9-C3F525A54BFD}"
EndProject
Project("{9A19103F-16F7-4668-BE54-9A1E7A4F7556}") = "SoftwareManagementCoreApiTests", "SoftwareManagementCoreApiTests\SoftwareManagementCoreApiTests.csproj", "{2AFB7A91-47C7-424C-A178-EC2FFD78256F}"
EndProject
Project("{2150E333-8FDC-42A3-9474-1A3956D46DE8}") = "Domains", "Domains", "{C56AEDEC-14BE-4554-BCA8-DA8B88330C8D}"
EndProject
Project("{2150E333-8FDC-42A3-9474-1A3956D46DE8}") = "Repositories", "Repositories", "{E80390EA-362A-430D-B82A-48C5992AE209}"
EndProject
Project("{2150E333-8FDC-42A3-9474-1A3956D46DE8}") = "Api", "Api", "{45541C41-D239-41E6-84CD-A066898DBDE5}"
EndProject
Project("{2150E333-8FDC-42A3-9474-1A3956D46DE8}") = "Core", "Core", "{221A9CE4-63E7-4222-8776-3F4E7226A92F}"
EndProject
Project("{2150E333-8FDC-42A3-9474-1A3956D46DE8}") = "Shared", "Shared", "{9857AAB0-7048-4E2D-B857-694007D99A80}"
EndProject
Global
	GlobalSection(SharedMSBuildProjectFiles) = preSolution
		ProductsShared\ProductsShared.projitems*{51dadd10-16bc-435e-a8ff-79d03f757bb7}*SharedItemsImports = 13
		DateTimeShared\DateTimeShared.projitems*{93ff6f34-93fa-4b1e-8828-3d056f144800}*SharedItemsImports = 13
		TextFragmentsShared\TextFragmentsShared.projitems*{c70ef468-fbe9-4e66-8a24-3785140dd09b}*SharedItemsImports = 13
		CommandsShared\CommandsShared.projitems*{e836653d-f62d-4262-89cd-622bf092f8e3}*SharedItemsImports = 13
		ProjectsShared\ProjectsShared.projitems*{f36337f9-5492-4327-8301-b0be8708e8e0}*SharedItemsImports = 13
	EndGlobalSection
	GlobalSection(SolutionConfigurationPlatforms) = preSolution
		Debug|Any CPU = Debug|Any CPU
		Debug|x64 = Debug|x64
		Debug|x86 = Debug|x86
		Release|Any CPU = Release|Any CPU
		Release|x64 = Release|x64
		Release|x86 = Release|x86
	EndGlobalSection
	GlobalSection(ProjectConfigurationPlatforms) = postSolution
		{201FF2B7-DF85-414E-8CCB-A76FFC261D6B}.Debug|Any CPU.ActiveCfg = Debug|Any CPU
		{201FF2B7-DF85-414E-8CCB-A76FFC261D6B}.Debug|Any CPU.Build.0 = Debug|Any CPU
		{201FF2B7-DF85-414E-8CCB-A76FFC261D6B}.Debug|x64.ActiveCfg = Debug|x64
		{201FF2B7-DF85-414E-8CCB-A76FFC261D6B}.Debug|x64.Build.0 = Debug|x64
		{201FF2B7-DF85-414E-8CCB-A76FFC261D6B}.Debug|x86.ActiveCfg = Debug|x86
		{201FF2B7-DF85-414E-8CCB-A76FFC261D6B}.Debug|x86.Build.0 = Debug|x86
		{201FF2B7-DF85-414E-8CCB-A76FFC261D6B}.Release|Any CPU.ActiveCfg = Release|Any CPU
		{201FF2B7-DF85-414E-8CCB-A76FFC261D6B}.Release|Any CPU.Build.0 = Release|Any CPU
		{201FF2B7-DF85-414E-8CCB-A76FFC261D6B}.Release|x64.ActiveCfg = Release|x64
		{201FF2B7-DF85-414E-8CCB-A76FFC261D6B}.Release|x64.Build.0 = Release|x64
		{201FF2B7-DF85-414E-8CCB-A76FFC261D6B}.Release|x86.ActiveCfg = Release|x86
		{201FF2B7-DF85-414E-8CCB-A76FFC261D6B}.Release|x86.Build.0 = Release|x86
		{CE367EA4-EFA2-448F-B424-AE09B07ED33D}.Debug|Any CPU.ActiveCfg = Debug|Any CPU
		{CE367EA4-EFA2-448F-B424-AE09B07ED33D}.Debug|Any CPU.Build.0 = Debug|Any CPU
		{CE367EA4-EFA2-448F-B424-AE09B07ED33D}.Debug|x64.ActiveCfg = Debug|x64
		{CE367EA4-EFA2-448F-B424-AE09B07ED33D}.Debug|x64.Build.0 = Debug|x64
		{CE367EA4-EFA2-448F-B424-AE09B07ED33D}.Debug|x86.ActiveCfg = Debug|x86
		{CE367EA4-EFA2-448F-B424-AE09B07ED33D}.Debug|x86.Build.0 = Debug|x86
		{CE367EA4-EFA2-448F-B424-AE09B07ED33D}.Release|Any CPU.ActiveCfg = Release|Any CPU
		{CE367EA4-EFA2-448F-B424-AE09B07ED33D}.Release|Any CPU.Build.0 = Release|Any CPU
		{CE367EA4-EFA2-448F-B424-AE09B07ED33D}.Release|x64.ActiveCfg = Release|x64
		{CE367EA4-EFA2-448F-B424-AE09B07ED33D}.Release|x64.Build.0 = Release|x64
		{CE367EA4-EFA2-448F-B424-AE09B07ED33D}.Release|x86.ActiveCfg = Release|x86
		{CE367EA4-EFA2-448F-B424-AE09B07ED33D}.Release|x86.Build.0 = Release|x86
		{2D51A2EA-AD9B-4C11-AD57-D070CEA77093}.Debug|Any CPU.ActiveCfg = Debug|Any CPU
		{2D51A2EA-AD9B-4C11-AD57-D070CEA77093}.Debug|Any CPU.Build.0 = Debug|Any CPU
		{2D51A2EA-AD9B-4C11-AD57-D070CEA77093}.Debug|x64.ActiveCfg = Debug|x64
		{2D51A2EA-AD9B-4C11-AD57-D070CEA77093}.Debug|x64.Build.0 = Debug|x64
		{2D51A2EA-AD9B-4C11-AD57-D070CEA77093}.Debug|x86.ActiveCfg = Debug|x86
		{2D51A2EA-AD9B-4C11-AD57-D070CEA77093}.Debug|x86.Build.0 = Debug|x86
		{2D51A2EA-AD9B-4C11-AD57-D070CEA77093}.Release|Any CPU.ActiveCfg = Release|Any CPU
		{2D51A2EA-AD9B-4C11-AD57-D070CEA77093}.Release|Any CPU.Build.0 = Release|Any CPU
		{2D51A2EA-AD9B-4C11-AD57-D070CEA77093}.Release|x64.ActiveCfg = Release|x64
		{2D51A2EA-AD9B-4C11-AD57-D070CEA77093}.Release|x64.Build.0 = Release|x64
		{2D51A2EA-AD9B-4C11-AD57-D070CEA77093}.Release|x86.ActiveCfg = Release|x86
		{2D51A2EA-AD9B-4C11-AD57-D070CEA77093}.Release|x86.Build.0 = Release|x86
		{5B291450-0B7E-4D3B-8FE6-751856E5D1AF}.Debug|Any CPU.ActiveCfg = Debug|Any CPU
		{5B291450-0B7E-4D3B-8FE6-751856E5D1AF}.Debug|Any CPU.Build.0 = Debug|Any CPU
		{5B291450-0B7E-4D3B-8FE6-751856E5D1AF}.Debug|x64.ActiveCfg = Debug|x64
		{5B291450-0B7E-4D3B-8FE6-751856E5D1AF}.Debug|x64.Build.0 = Debug|x64
		{5B291450-0B7E-4D3B-8FE6-751856E5D1AF}.Debug|x86.ActiveCfg = Debug|x86
		{5B291450-0B7E-4D3B-8FE6-751856E5D1AF}.Debug|x86.Build.0 = Debug|x86
		{5B291450-0B7E-4D3B-8FE6-751856E5D1AF}.Release|Any CPU.ActiveCfg = Release|Any CPU
		{5B291450-0B7E-4D3B-8FE6-751856E5D1AF}.Release|Any CPU.Build.0 = Release|Any CPU
		{5B291450-0B7E-4D3B-8FE6-751856E5D1AF}.Release|x64.ActiveCfg = Release|x64
		{5B291450-0B7E-4D3B-8FE6-751856E5D1AF}.Release|x64.Build.0 = Release|x64
		{5B291450-0B7E-4D3B-8FE6-751856E5D1AF}.Release|x86.ActiveCfg = Release|x86
		{5B291450-0B7E-4D3B-8FE6-751856E5D1AF}.Release|x86.Build.0 = Release|x86
		{F57F1DFA-58C4-4A85-9C99-E396DD93994B}.Debug|Any CPU.ActiveCfg = Debug|Any CPU
		{F57F1DFA-58C4-4A85-9C99-E396DD93994B}.Debug|Any CPU.Build.0 = Debug|Any CPU
		{F57F1DFA-58C4-4A85-9C99-E396DD93994B}.Debug|x64.ActiveCfg = Debug|x64
		{F57F1DFA-58C4-4A85-9C99-E396DD93994B}.Debug|x64.Build.0 = Debug|x64
		{F57F1DFA-58C4-4A85-9C99-E396DD93994B}.Debug|x86.ActiveCfg = Debug|x86
		{F57F1DFA-58C4-4A85-9C99-E396DD93994B}.Debug|x86.Build.0 = Debug|x86
		{F57F1DFA-58C4-4A85-9C99-E396DD93994B}.Release|Any CPU.ActiveCfg = Release|Any CPU
		{F57F1DFA-58C4-4A85-9C99-E396DD93994B}.Release|Any CPU.Build.0 = Release|Any CPU
		{F57F1DFA-58C4-4A85-9C99-E396DD93994B}.Release|x64.ActiveCfg = Release|x64
		{F57F1DFA-58C4-4A85-9C99-E396DD93994B}.Release|x64.Build.0 = Release|x64
		{F57F1DFA-58C4-4A85-9C99-E396DD93994B}.Release|x86.ActiveCfg = Release|x86
		{F57F1DFA-58C4-4A85-9C99-E396DD93994B}.Release|x86.Build.0 = Release|x86
		{2AFB7A91-47C7-424C-A178-EC2FFD78256F}.Debug|Any CPU.ActiveCfg = Debug|Any CPU
		{2AFB7A91-47C7-424C-A178-EC2FFD78256F}.Debug|Any CPU.Build.0 = Debug|Any CPU
		{2AFB7A91-47C7-424C-A178-EC2FFD78256F}.Debug|x64.ActiveCfg = Debug|x64
		{2AFB7A91-47C7-424C-A178-EC2FFD78256F}.Debug|x64.Build.0 = Debug|x64
		{2AFB7A91-47C7-424C-A178-EC2FFD78256F}.Debug|x86.ActiveCfg = Debug|x86
		{2AFB7A91-47C7-424C-A178-EC2FFD78256F}.Debug|x86.Build.0 = Debug|x86
		{2AFB7A91-47C7-424C-A178-EC2FFD78256F}.Release|Any CPU.ActiveCfg = Release|Any CPU
		{2AFB7A91-47C7-424C-A178-EC2FFD78256F}.Release|Any CPU.Build.0 = Release|Any CPU
		{2AFB7A91-47C7-424C-A178-EC2FFD78256F}.Release|x64.ActiveCfg = Release|x64
		{2AFB7A91-47C7-424C-A178-EC2FFD78256F}.Release|x64.Build.0 = Release|x64
		{2AFB7A91-47C7-424C-A178-EC2FFD78256F}.Release|x86.ActiveCfg = Release|x86
		{2AFB7A91-47C7-424C-A178-EC2FFD78256F}.Release|x86.Build.0 = Release|x86
	EndGlobalSection
	GlobalSection(SolutionProperties) = preSolution
		HideSolutionNode = FALSE
	EndGlobalSection
	GlobalSection(NestedProjects) = preSolution
		{201FF2B7-DF85-414E-8CCB-A76FFC261D6B} = {221A9CE4-63E7-4222-8776-3F4E7226A92F}
		{88D02AA3-703C-4F37-835B-03F1965A7D88} = {C56AEDEC-14BE-4554-BCA8-DA8B88330C8D}
		{8980C1CA-C7D2-46A9-B200-6D17809AB0A4} = {C56AEDEC-14BE-4554-BCA8-DA8B88330C8D}
		{DC8831D8-C56F-4677-8E6D-53896CD2A38D} = {C56AEDEC-14BE-4554-BCA8-DA8B88330C8D}
		{E836653D-F62D-4262-89CD-622BF092F8E3} = {DC8831D8-C56F-4677-8E6D-53896CD2A38D}
		{F36337F9-5492-4327-8301-B0BE8708E8E0} = {88D02AA3-703C-4F37-835B-03F1965A7D88}
		{51DADD10-16BC-435E-A8FF-79D03F757BB7} = {8980C1CA-C7D2-46A9-B200-6D17809AB0A4}
		{CE367EA4-EFA2-448F-B424-AE09B07ED33D} = {221A9CE4-63E7-4222-8776-3F4E7226A92F}
		{CE820E82-7CED-49CF-82F3-E7841914BEDB} = {C56AEDEC-14BE-4554-BCA8-DA8B88330C8D}
		{C70EF468-FBE9-4E66-8A24-3785140DD09B} = {CE820E82-7CED-49CF-82F3-E7841914BEDB}
		{2D51A2EA-AD9B-4C11-AD57-D070CEA77093} = {E80390EA-362A-430D-B82A-48C5992AE209}
		{5B291450-0B7E-4D3B-8FE6-751856E5D1AF} = {E80390EA-362A-430D-B82A-48C5992AE209}
		{F57F1DFA-58C4-4A85-9C99-E396DD93994B} = {45541C41-D239-41E6-84CD-A066898DBDE5}
		{93FF6F34-93FA-4B1E-8828-3D056F144800} = {D56C3A83-43AE-40C4-85C9-C3F525A54BFD}
		{D56C3A83-43AE-40C4-85C9-C3F525A54BFD} = {9857AAB0-7048-4E2D-B857-694007D99A80}
		{2AFB7A91-47C7-424C-A178-EC2FFD78256F} = {45541C41-D239-41E6-84CD-A066898DBDE5}
		{9857AAB0-7048-4E2D-B857-694007D99A80} = {C56AEDEC-14BE-4554-BCA8-DA8B88330C8D}
	EndGlobalSection
EndGlobal
