
Microsoft Visual Studio Solution File, Format Version 12.00
# Visual Studio 15
VisualStudioVersion = 15.0.26228.4
MinimumVisualStudioVersion = 10.0.40219.1
Project("{9A19103F-16F7-4668-BE54-9A1E7A4F7556}") = "SoftwareManagementCore", "SoftwareManagementCore\SoftwareManagementCore.csproj", "{201FF2B7-DF85-414E-8CCB-A76FFC261D6B}"
EndProject
Project("{2150E333-8FDC-42A3-9474-1A3956D46DE8}") = "Projects", "Projects", "{88D02AA3-703C-4F37-835B-03F1965A7D88}"
EndProject
Project("{2150E333-8FDC-42A3-9474-1A3956D46DE8}") = "Products", "Products", "{8980C1CA-C7D2-46A9-B200-6D17809AB0A4}"
EndProject
Project("{2150E333-8FDC-42A3-9474-1A3956D46DE8}") = "Commands", "Commands", "{DC8831D8-C56F-4677-8E6D-53896CD2A38D}"
EndProject
Project("{D954291E-2A0B-460D-934E-DC6B0785DB48}") = "CommandsShared", "CommandsShared\CommandsShared.shproj", "{E836653D-F62D-4262-89CD-622BF092F8E3}"
EndProject
Project("{D954291E-2A0B-460D-934E-DC6B0785DB48}") = "ProjectsShared", "ProjectsShared\ProjectsShared.shproj", "{F36337F9-5492-4327-8301-B0BE8708E8E0}"
EndProject
Project("{D954291E-2A0B-460D-934E-DC6B0785DB48}") = "ProductsShared", "ProductsShared\ProductsShared.shproj", "{51DADD10-16BC-435E-A8FF-79D03F757BB7}"
EndProject
Project("{9A19103F-16F7-4668-BE54-9A1E7A4F7556}") = "SoftwareManagementCoreTests", "SoftwareManagementCoreTests\SoftwareManagementCoreTests.csproj", "{CE367EA4-EFA2-448F-B424-AE09B07ED33D}"
EndProject
Project("{2150E333-8FDC-42A3-9474-1A3956D46DE8}") = "TextFragments", "TextFragments", "{CE820E82-7CED-49CF-82F3-E7841914BEDB}"
EndProject
Project("{D954291E-2A0B-460D-934E-DC6B0785DB48}") = "TextFragmentsShared", "TextFragmentsShared\TextFragmentsShared.shproj", "{C70EF468-FBE9-4E66-8A24-3785140DD09B}"
EndProject
Project("{9A19103F-16F7-4668-BE54-9A1E7A4F7556}") = "SoftwareManagementEFCoreRepository", "SoftwareManagementEFCoreRepository\SoftwareManagementEFCoreRepository.csproj", "{2D51A2EA-AD9B-4C11-AD57-D070CEA77093}"
EndProject
Project("{9A19103F-16F7-4668-BE54-9A1E7A4F7556}") = "SoftwareManagementEFCoreRepositoryTests", "SoftwareManagementEFCoreRepositoryTests\SoftwareManagementEFCoreRepositoryTests.csproj", "{5B291450-0B7E-4D3B-8FE6-751856E5D1AF}"
EndProject
Project("{9A19103F-16F7-4668-BE54-9A1E7A4F7556}") = "SoftwareManagementCoreApi", "SoftwareManagementCoreApi\SoftwareManagementCoreApi.csproj", "{F57F1DFA-58C4-4A85-9C99-E396DD93994B}"
EndProject
Project("{D954291E-2A0B-460D-934E-DC6B0785DB48}") = "DateTimeShared", "DateTimeShared\DateTimeShared.shproj", "{93FF6F34-93FA-4B1E-8828-3D056F144800}"
EndProject
Project("{2150E333-8FDC-42A3-9474-1A3956D46DE8}") = "CustomDateTime", "CustomDateTime", "{D56C3A83-43AE-40C4-85C9-C3F525A54BFD}"
EndProject
Project("{9A19103F-16F7-4668-BE54-9A1E7A4F7556}") = "SoftwareManagementCoreApiTests", "SoftwareManagementCoreApiTests\SoftwareManagementCoreApiTests.csproj", "{2AFB7A91-47C7-424C-A178-EC2FFD78256F}"
EndProject
Project("{2150E333-8FDC-42A3-9474-1A3956D46DE8}") = "DomainsShared", "DomainsShared", "{C56AEDEC-14BE-4554-BCA8-DA8B88330C8D}"
EndProject
Project("{2150E333-8FDC-42A3-9474-1A3956D46DE8}") = "Repositories", "Repositories", "{E80390EA-362A-430D-B82A-48C5992AE209}"
EndProject
Project("{2150E333-8FDC-42A3-9474-1A3956D46DE8}") = "Api", "Api", "{45541C41-D239-41E6-84CD-A066898DBDE5}"
EndProject
Project("{2150E333-8FDC-42A3-9474-1A3956D46DE8}") = "Core", "Core", "{221A9CE4-63E7-4222-8776-3F4E7226A92F}"
EndProject
Project("{2150E333-8FDC-42A3-9474-1A3956D46DE8}") = "Shared", "Shared", "{9857AAB0-7048-4E2D-B857-694007D99A80}"
EndProject
Project("{2150E333-8FDC-42A3-9474-1A3956D46DE8}") = "Contacts", "Contacts", "{B5651D26-EA7D-49B0-9CC5-123543198ED5}"
EndProject
Project("{D954291E-2A0B-460D-934E-DC6B0785DB48}") = "ContactsShared", "ContactsShared\ContactsShared.shproj", "{806E9EDF-CB33-4509-A666-B13B1244058B}"
EndProject
Project("{2150E333-8FDC-42A3-9474-1A3956D46DE8}") = "Companies", "Companies", "{6F16ADFD-CC02-4CAC-95D9-575BF437E8E8}"
EndProject
Project("{D954291E-2A0B-460D-934E-DC6B0785DB48}") = "CompaniesShared", "CompaniesShared\CompaniesShared.shproj", "{61341421-BCC5-44EE-9FFF-656E1E78E0E9}"
EndProject
Project("{2150E333-8FDC-42A3-9474-1A3956D46DE8}") = "Employment", "Employment", "{9C0B4DC0-4D71-48B2-A589-1D9EFD0C8DE0}"
EndProject
Project("{D954291E-2A0B-460D-934E-DC6B0785DB48}") = "EmploymentsShared", "EmploymentShared\EmploymentsShared.shproj", "{3EF38306-DDC8-42F9-923B-3DC288DF5BF5}"
EndProject
Project("{FAE04EC0-301F-11D3-BF4B-00C04F79EFBC}") = "SoftwareManagementEventSourcedRepository", "SoftwareManagementEventSourcedRepository\SoftwareManagementEventSourcedRepository.csproj", "{A46E4D81-1CA1-46EF-9424-1073E2E54B15}"
EndProject
Project("{FAE04EC0-301F-11D3-BF4B-00C04F79EFBC}") = "SoftwareManagementMongoDbCoreRepository", "SoftwareManagementMongoDbCoreRepository\SoftwareManagementMongoDbCoreRepository.csproj", "{AE6914B2-312F-4D9A-B49B-514CFFE4CFD4}"
EndProject
Project("{FAE04EC0-301F-11D3-BF4B-00C04F79EFBC}") = "SoftwareManagementMongoDbCoreRepositoryTests", "SoftwareManagementMongoDbCoreRepositoryTests\SoftwareManagementMongoDbCoreRepositoryTests.csproj", "{5949935B-9EC1-4C47-87BE-1A8A5D56C127}"
EndProject
Project("{2150E333-8FDC-42A3-9474-1A3956D46DE8}") = "ProjectRoleAssignment", "ProjectRoleAssignment", "{B7E86F53-7178-4866-8812-7B6AFFB88D71}"
EndProject
Project("{D954291E-2A0B-460D-934E-DC6B0785DB48}") = "ProjectRoleAssignmentsShared", "ProjectRoleAssignmentsShared\ProjectRoleAssignmentsShared.shproj", "{996CE0C6-45CA-4803-A601-6012D601C2E2}"
EndProject
Project("{2150E333-8FDC-42A3-9474-1A3956D46DE8}") = "Links", "Links", "{E3DE2F3E-AF1E-447C-BD04-020848375785}"
EndProject
Project("{D954291E-2A0B-460D-934E-DC6B0785DB48}") = "LinksShared", "LinksShared\LinksShared.shproj", "{E497D6C4-60EF-4768-B0C7-41C11820BFD7}"
EndProject
Project("{2150E333-8FDC-42A3-9474-1A3956D46DE8}") = "Designs", "Designs", "{C711E5A7-6CCF-4D7E-BA84-8DC5176BF848}"
EndProject
Project("{D954291E-2A0B-460D-934E-DC6B0785DB48}") = "DesignsShared", "DesignsShared\DesignsShared.shproj", "{2A15930F-C1A9-4D21-9A16-9D41DAE78B87}"
EndProject
Project("{2150E333-8FDC-42A3-9474-1A3956D46DE8}") = "CodeGen", "CodeGen", "{64DDC586-FACB-44BD-B52C-A67FDA0CD042}"
EndProject
Project("{D954291E-2A0B-460D-934E-DC6B0785DB48}") = "CodeGenShared", "CodeGenShared\CodeGenShared.shproj", "{1BF33FC4-5819-4D02-9767-DFB67C976284}"
EndProject
Project("{FAE04EC0-301F-11D3-BF4B-00C04F79EFBC}") = "CodeGenCSharpUpdaterCore", "CodeGenCSharpUpdaterCore\CodeGenCSharpUpdaterCore.csproj", "{6363A2D7-40A3-452E-91B3-DD2EA306B3DA}"
EndProject
Global
	GlobalSection(SharedMSBuildProjectFiles) = preSolution
		CodeGenShared\CodeGenShared.projitems*{1bf33fc4-5819-4d02-9767-dfb67c976284}*SharedItemsImports = 13
		DesignsShared\DesignsShared.projitems*{2a15930f-c1a9-4d21-9a16-9d41dae78b87}*SharedItemsImports = 13
		EmploymentShared\EmploymentShared.projitems*{3ef38306-ddc8-42f9-923b-3dc288df5bf5}*SharedItemsImports = 13
		ProductsShared\ProductsShared.projitems*{51dadd10-16bc-435e-a8ff-79d03f757bb7}*SharedItemsImports = 13
		CompaniesShared\CompaniesShared.projitems*{61341421-bcc5-44ee-9fff-656e1e78e0e9}*SharedItemsImports = 13
		ContactsShared\ContactsShared.projitems*{806e9edf-cb33-4509-a666-b13b1244058b}*SharedItemsImports = 13
		DateTimeShared\DateTimeShared.projitems*{93ff6f34-93fa-4b1e-8828-3d056f144800}*SharedItemsImports = 13
		ProjectRoleAssignmentsShared\ProjectRoleAssignmentsShared.projitems*{996ce0c6-45ca-4803-a601-6012d601c2e2}*SharedItemsImports = 13
		TextFragmentsShared\TextFragmentsShared.projitems*{c70ef468-fbe9-4e66-8a24-3785140dd09b}*SharedItemsImports = 13
		LinksShared\LinksShared.projitems*{e497d6c4-60ef-4768-b0c7-41c11820bfd7}*SharedItemsImports = 13
		CommandsShared\CommandsShared.projitems*{e836653d-f62d-4262-89cd-622bf092f8e3}*SharedItemsImports = 13
		ProjectsShared\ProjectsShared.projitems*{f36337f9-5492-4327-8301-b0be8708e8e0}*SharedItemsImports = 13
	EndGlobalSection
	GlobalSection(SolutionConfigurationPlatforms) = preSolution
		Debug|Any CPU = Debug|Any CPU
		Debug|x64 = Debug|x64
		Debug|x86 = Debug|x86
		Release|Any CPU = Release|Any CPU
		Release|x64 = Release|x64
		Release|x86 = Release|x86
	EndGlobalSection
	GlobalSection(ProjectConfigurationPlatforms) = postSolution
		{201FF2B7-DF85-414E-8CCB-A76FFC261D6B}.Debug|Any CPU.ActiveCfg = Debug|Any CPU
		{201FF2B7-DF85-414E-8CCB-A76FFC261D6B}.Debug|Any CPU.Build.0 = Debug|Any CPU
		{201FF2B7-DF85-414E-8CCB-A76FFC261D6B}.Debug|x64.ActiveCfg = Debug|Any CPU
		{201FF2B7-DF85-414E-8CCB-A76FFC261D6B}.Debug|x64.Build.0 = Debug|Any CPU
		{201FF2B7-DF85-414E-8CCB-A76FFC261D6B}.Debug|x86.ActiveCfg = Debug|Any CPU
		{201FF2B7-DF85-414E-8CCB-A76FFC261D6B}.Debug|x86.Build.0 = Debug|Any CPU
		{201FF2B7-DF85-414E-8CCB-A76FFC261D6B}.Release|Any CPU.ActiveCfg = Release|Any CPU
		{201FF2B7-DF85-414E-8CCB-A76FFC261D6B}.Release|Any CPU.Build.0 = Release|Any CPU
		{201FF2B7-DF85-414E-8CCB-A76FFC261D6B}.Release|x64.ActiveCfg = Release|Any CPU
		{201FF2B7-DF85-414E-8CCB-A76FFC261D6B}.Release|x64.Build.0 = Release|Any CPU
		{201FF2B7-DF85-414E-8CCB-A76FFC261D6B}.Release|x86.ActiveCfg = Release|Any CPU
		{201FF2B7-DF85-414E-8CCB-A76FFC261D6B}.Release|x86.Build.0 = Release|Any CPU
		{CE367EA4-EFA2-448F-B424-AE09B07ED33D}.Debug|Any CPU.ActiveCfg = Debug|Any CPU
		{CE367EA4-EFA2-448F-B424-AE09B07ED33D}.Debug|Any CPU.Build.0 = Debug|Any CPU
		{CE367EA4-EFA2-448F-B424-AE09B07ED33D}.Debug|x64.ActiveCfg = Debug|Any CPU
		{CE367EA4-EFA2-448F-B424-AE09B07ED33D}.Debug|x64.Build.0 = Debug|Any CPU
		{CE367EA4-EFA2-448F-B424-AE09B07ED33D}.Debug|x86.ActiveCfg = Debug|Any CPU
		{CE367EA4-EFA2-448F-B424-AE09B07ED33D}.Debug|x86.Build.0 = Debug|Any CPU
		{CE367EA4-EFA2-448F-B424-AE09B07ED33D}.Release|Any CPU.ActiveCfg = Release|Any CPU
		{CE367EA4-EFA2-448F-B424-AE09B07ED33D}.Release|Any CPU.Build.0 = Release|Any CPU
		{CE367EA4-EFA2-448F-B424-AE09B07ED33D}.Release|x64.ActiveCfg = Release|Any CPU
		{CE367EA4-EFA2-448F-B424-AE09B07ED33D}.Release|x64.Build.0 = Release|Any CPU
		{CE367EA4-EFA2-448F-B424-AE09B07ED33D}.Release|x86.ActiveCfg = Release|Any CPU
		{CE367EA4-EFA2-448F-B424-AE09B07ED33D}.Release|x86.Build.0 = Release|Any CPU
		{2D51A2EA-AD9B-4C11-AD57-D070CEA77093}.Debug|Any CPU.ActiveCfg = Debug|Any CPU
		{2D51A2EA-AD9B-4C11-AD57-D070CEA77093}.Debug|Any CPU.Build.0 = Debug|Any CPU
		{2D51A2EA-AD9B-4C11-AD57-D070CEA77093}.Debug|x64.ActiveCfg = Debug|Any CPU
		{2D51A2EA-AD9B-4C11-AD57-D070CEA77093}.Debug|x64.Build.0 = Debug|Any CPU
		{2D51A2EA-AD9B-4C11-AD57-D070CEA77093}.Debug|x86.ActiveCfg = Debug|Any CPU
		{2D51A2EA-AD9B-4C11-AD57-D070CEA77093}.Debug|x86.Build.0 = Debug|Any CPU
		{2D51A2EA-AD9B-4C11-AD57-D070CEA77093}.Release|Any CPU.ActiveCfg = Release|Any CPU
		{2D51A2EA-AD9B-4C11-AD57-D070CEA77093}.Release|Any CPU.Build.0 = Release|Any CPU
		{2D51A2EA-AD9B-4C11-AD57-D070CEA77093}.Release|x64.ActiveCfg = Release|Any CPU
		{2D51A2EA-AD9B-4C11-AD57-D070CEA77093}.Release|x64.Build.0 = Release|Any CPU
		{2D51A2EA-AD9B-4C11-AD57-D070CEA77093}.Release|x86.ActiveCfg = Release|Any CPU
		{2D51A2EA-AD9B-4C11-AD57-D070CEA77093}.Release|x86.Build.0 = Release|Any CPU
		{5B291450-0B7E-4D3B-8FE6-751856E5D1AF}.Debug|Any CPU.ActiveCfg = Debug|Any CPU
		{5B291450-0B7E-4D3B-8FE6-751856E5D1AF}.Debug|Any CPU.Build.0 = Debug|Any CPU
		{5B291450-0B7E-4D3B-8FE6-751856E5D1AF}.Debug|x64.ActiveCfg = Debug|Any CPU
		{5B291450-0B7E-4D3B-8FE6-751856E5D1AF}.Debug|x64.Build.0 = Debug|Any CPU
		{5B291450-0B7E-4D3B-8FE6-751856E5D1AF}.Debug|x86.ActiveCfg = Debug|Any CPU
		{5B291450-0B7E-4D3B-8FE6-751856E5D1AF}.Debug|x86.Build.0 = Debug|Any CPU
		{5B291450-0B7E-4D3B-8FE6-751856E5D1AF}.Release|Any CPU.ActiveCfg = Release|Any CPU
		{5B291450-0B7E-4D3B-8FE6-751856E5D1AF}.Release|Any CPU.Build.0 = Release|Any CPU
		{5B291450-0B7E-4D3B-8FE6-751856E5D1AF}.Release|x64.ActiveCfg = Release|Any CPU
		{5B291450-0B7E-4D3B-8FE6-751856E5D1AF}.Release|x64.Build.0 = Release|Any CPU
		{5B291450-0B7E-4D3B-8FE6-751856E5D1AF}.Release|x86.ActiveCfg = Release|Any CPU
		{5B291450-0B7E-4D3B-8FE6-751856E5D1AF}.Release|x86.Build.0 = Release|Any CPU
		{F57F1DFA-58C4-4A85-9C99-E396DD93994B}.Debug|Any CPU.ActiveCfg = Debug|Any CPU
		{F57F1DFA-58C4-4A85-9C99-E396DD93994B}.Debug|Any CPU.Build.0 = Debug|Any CPU
		{F57F1DFA-58C4-4A85-9C99-E396DD93994B}.Debug|x64.ActiveCfg = Debug|Any CPU
		{F57F1DFA-58C4-4A85-9C99-E396DD93994B}.Debug|x64.Build.0 = Debug|Any CPU
		{F57F1DFA-58C4-4A85-9C99-E396DD93994B}.Debug|x86.ActiveCfg = Debug|Any CPU
		{F57F1DFA-58C4-4A85-9C99-E396DD93994B}.Debug|x86.Build.0 = Debug|Any CPU
		{F57F1DFA-58C4-4A85-9C99-E396DD93994B}.Release|Any CPU.ActiveCfg = Release|Any CPU
		{F57F1DFA-58C4-4A85-9C99-E396DD93994B}.Release|Any CPU.Build.0 = Release|Any CPU
		{F57F1DFA-58C4-4A85-9C99-E396DD93994B}.Release|x64.ActiveCfg = Release|Any CPU
		{F57F1DFA-58C4-4A85-9C99-E396DD93994B}.Release|x64.Build.0 = Release|Any CPU
		{F57F1DFA-58C4-4A85-9C99-E396DD93994B}.Release|x86.ActiveCfg = Release|Any CPU
		{F57F1DFA-58C4-4A85-9C99-E396DD93994B}.Release|x86.Build.0 = Release|Any CPU
		{2AFB7A91-47C7-424C-A178-EC2FFD78256F}.Debug|Any CPU.ActiveCfg = Debug|Any CPU
		{2AFB7A91-47C7-424C-A178-EC2FFD78256F}.Debug|Any CPU.Build.0 = Debug|Any CPU
		{2AFB7A91-47C7-424C-A178-EC2FFD78256F}.Debug|x64.ActiveCfg = Debug|Any CPU
		{2AFB7A91-47C7-424C-A178-EC2FFD78256F}.Debug|x64.Build.0 = Debug|Any CPU
		{2AFB7A91-47C7-424C-A178-EC2FFD78256F}.Debug|x86.ActiveCfg = Debug|Any CPU
		{2AFB7A91-47C7-424C-A178-EC2FFD78256F}.Debug|x86.Build.0 = Debug|Any CPU
		{2AFB7A91-47C7-424C-A178-EC2FFD78256F}.Release|Any CPU.ActiveCfg = Release|Any CPU
		{2AFB7A91-47C7-424C-A178-EC2FFD78256F}.Release|Any CPU.Build.0 = Release|Any CPU
		{2AFB7A91-47C7-424C-A178-EC2FFD78256F}.Release|x64.ActiveCfg = Release|Any CPU
		{2AFB7A91-47C7-424C-A178-EC2FFD78256F}.Release|x64.Build.0 = Release|Any CPU
		{2AFB7A91-47C7-424C-A178-EC2FFD78256F}.Release|x86.ActiveCfg = Release|Any CPU
		{2AFB7A91-47C7-424C-A178-EC2FFD78256F}.Release|x86.Build.0 = Release|Any CPU
		{A46E4D81-1CA1-46EF-9424-1073E2E54B15}.Debug|Any CPU.ActiveCfg = Debug|Any CPU
		{A46E4D81-1CA1-46EF-9424-1073E2E54B15}.Debug|Any CPU.Build.0 = Debug|Any CPU
		{A46E4D81-1CA1-46EF-9424-1073E2E54B15}.Debug|x64.ActiveCfg = Debug|Any CPU
		{A46E4D81-1CA1-46EF-9424-1073E2E54B15}.Debug|x64.Build.0 = Debug|Any CPU
		{A46E4D81-1CA1-46EF-9424-1073E2E54B15}.Debug|x86.ActiveCfg = Debug|Any CPU
		{A46E4D81-1CA1-46EF-9424-1073E2E54B15}.Debug|x86.Build.0 = Debug|Any CPU
		{A46E4D81-1CA1-46EF-9424-1073E2E54B15}.Release|Any CPU.ActiveCfg = Release|Any CPU
		{A46E4D81-1CA1-46EF-9424-1073E2E54B15}.Release|Any CPU.Build.0 = Release|Any CPU
		{A46E4D81-1CA1-46EF-9424-1073E2E54B15}.Release|x64.ActiveCfg = Release|Any CPU
		{A46E4D81-1CA1-46EF-9424-1073E2E54B15}.Release|x64.Build.0 = Release|Any CPU
		{A46E4D81-1CA1-46EF-9424-1073E2E54B15}.Release|x86.ActiveCfg = Release|Any CPU
		{A46E4D81-1CA1-46EF-9424-1073E2E54B15}.Release|x86.Build.0 = Release|Any CPU
		{AE6914B2-312F-4D9A-B49B-514CFFE4CFD4}.Debug|Any CPU.ActiveCfg = Debug|Any CPU
		{AE6914B2-312F-4D9A-B49B-514CFFE4CFD4}.Debug|Any CPU.Build.0 = Debug|Any CPU
		{AE6914B2-312F-4D9A-B49B-514CFFE4CFD4}.Debug|x64.ActiveCfg = Debug|Any CPU
		{AE6914B2-312F-4D9A-B49B-514CFFE4CFD4}.Debug|x64.Build.0 = Debug|Any CPU
		{AE6914B2-312F-4D9A-B49B-514CFFE4CFD4}.Debug|x86.ActiveCfg = Debug|Any CPU
		{AE6914B2-312F-4D9A-B49B-514CFFE4CFD4}.Debug|x86.Build.0 = Debug|Any CPU
		{AE6914B2-312F-4D9A-B49B-514CFFE4CFD4}.Release|Any CPU.ActiveCfg = Release|Any CPU
		{AE6914B2-312F-4D9A-B49B-514CFFE4CFD4}.Release|Any CPU.Build.0 = Release|Any CPU
		{AE6914B2-312F-4D9A-B49B-514CFFE4CFD4}.Release|x64.ActiveCfg = Release|Any CPU
		{AE6914B2-312F-4D9A-B49B-514CFFE4CFD4}.Release|x64.Build.0 = Release|Any CPU
		{AE6914B2-312F-4D9A-B49B-514CFFE4CFD4}.Release|x86.ActiveCfg = Release|Any CPU
		{AE6914B2-312F-4D9A-B49B-514CFFE4CFD4}.Release|x86.Build.0 = Release|Any CPU
		{5949935B-9EC1-4C47-87BE-1A8A5D56C127}.Debug|Any CPU.ActiveCfg = Debug|Any CPU
		{5949935B-9EC1-4C47-87BE-1A8A5D56C127}.Debug|Any CPU.Build.0 = Debug|Any CPU
		{5949935B-9EC1-4C47-87BE-1A8A5D56C127}.Debug|x64.ActiveCfg = Debug|Any CPU
		{5949935B-9EC1-4C47-87BE-1A8A5D56C127}.Debug|x64.Build.0 = Debug|Any CPU
		{5949935B-9EC1-4C47-87BE-1A8A5D56C127}.Debug|x86.ActiveCfg = Debug|Any CPU
		{5949935B-9EC1-4C47-87BE-1A8A5D56C127}.Debug|x86.Build.0 = Debug|Any CPU
		{5949935B-9EC1-4C47-87BE-1A8A5D56C127}.Release|Any CPU.ActiveCfg = Release|Any CPU
		{5949935B-9EC1-4C47-87BE-1A8A5D56C127}.Release|Any CPU.Build.0 = Release|Any CPU
		{5949935B-9EC1-4C47-87BE-1A8A5D56C127}.Release|x64.ActiveCfg = Release|Any CPU
		{5949935B-9EC1-4C47-87BE-1A8A5D56C127}.Release|x64.Build.0 = Release|Any CPU
		{5949935B-9EC1-4C47-87BE-1A8A5D56C127}.Release|x86.ActiveCfg = Release|Any CPU
		{5949935B-9EC1-4C47-87BE-1A8A5D56C127}.Release|x86.Build.0 = Release|Any CPU
		{6363A2D7-40A3-452E-91B3-DD2EA306B3DA}.Debug|Any CPU.ActiveCfg = Debug|Any CPU
		{6363A2D7-40A3-452E-91B3-DD2EA306B3DA}.Debug|Any CPU.Build.0 = Debug|Any CPU
		{6363A2D7-40A3-452E-91B3-DD2EA306B3DA}.Debug|x64.ActiveCfg = Debug|Any CPU
		{6363A2D7-40A3-452E-91B3-DD2EA306B3DA}.Debug|x64.Build.0 = Debug|Any CPU
		{6363A2D7-40A3-452E-91B3-DD2EA306B3DA}.Debug|x86.ActiveCfg = Debug|Any CPU
		{6363A2D7-40A3-452E-91B3-DD2EA306B3DA}.Debug|x86.Build.0 = Debug|Any CPU
		{6363A2D7-40A3-452E-91B3-DD2EA306B3DA}.Release|Any CPU.ActiveCfg = Release|Any CPU
		{6363A2D7-40A3-452E-91B3-DD2EA306B3DA}.Release|Any CPU.Build.0 = Release|Any CPU
		{6363A2D7-40A3-452E-91B3-DD2EA306B3DA}.Release|x64.ActiveCfg = Release|Any CPU
		{6363A2D7-40A3-452E-91B3-DD2EA306B3DA}.Release|x64.Build.0 = Release|Any CPU
		{6363A2D7-40A3-452E-91B3-DD2EA306B3DA}.Release|x86.ActiveCfg = Release|Any CPU
		{6363A2D7-40A3-452E-91B3-DD2EA306B3DA}.Release|x86.Build.0 = Release|Any CPU
	EndGlobalSection
	GlobalSection(SolutionProperties) = preSolution
		HideSolutionNode = FALSE
	EndGlobalSection
	GlobalSection(NestedProjects) = preSolution
		{201FF2B7-DF85-414E-8CCB-A76FFC261D6B} = {221A9CE4-63E7-4222-8776-3F4E7226A92F}
		{88D02AA3-703C-4F37-835B-03F1965A7D88} = {C56AEDEC-14BE-4554-BCA8-DA8B88330C8D}
		{8980C1CA-C7D2-46A9-B200-6D17809AB0A4} = {C56AEDEC-14BE-4554-BCA8-DA8B88330C8D}
		{DC8831D8-C56F-4677-8E6D-53896CD2A38D} = {C56AEDEC-14BE-4554-BCA8-DA8B88330C8D}
		{E836653D-F62D-4262-89CD-622BF092F8E3} = {DC8831D8-C56F-4677-8E6D-53896CD2A38D}
		{F36337F9-5492-4327-8301-B0BE8708E8E0} = {88D02AA3-703C-4F37-835B-03F1965A7D88}
		{51DADD10-16BC-435E-A8FF-79D03F757BB7} = {8980C1CA-C7D2-46A9-B200-6D17809AB0A4}
		{CE367EA4-EFA2-448F-B424-AE09B07ED33D} = {221A9CE4-63E7-4222-8776-3F4E7226A92F}
		{CE820E82-7CED-49CF-82F3-E7841914BEDB} = {C56AEDEC-14BE-4554-BCA8-DA8B88330C8D}
		{C70EF468-FBE9-4E66-8A24-3785140DD09B} = {CE820E82-7CED-49CF-82F3-E7841914BEDB}
		{2D51A2EA-AD9B-4C11-AD57-D070CEA77093} = {E80390EA-362A-430D-B82A-48C5992AE209}
		{5B291450-0B7E-4D3B-8FE6-751856E5D1AF} = {E80390EA-362A-430D-B82A-48C5992AE209}
		{F57F1DFA-58C4-4A85-9C99-E396DD93994B} = {45541C41-D239-41E6-84CD-A066898DBDE5}
		{93FF6F34-93FA-4B1E-8828-3D056F144800} = {D56C3A83-43AE-40C4-85C9-C3F525A54BFD}
		{D56C3A83-43AE-40C4-85C9-C3F525A54BFD} = {9857AAB0-7048-4E2D-B857-694007D99A80}
		{2AFB7A91-47C7-424C-A178-EC2FFD78256F} = {45541C41-D239-41E6-84CD-A066898DBDE5}
		{9857AAB0-7048-4E2D-B857-694007D99A80} = {C56AEDEC-14BE-4554-BCA8-DA8B88330C8D}
		{B5651D26-EA7D-49B0-9CC5-123543198ED5} = {C56AEDEC-14BE-4554-BCA8-DA8B88330C8D}
		{806E9EDF-CB33-4509-A666-B13B1244058B} = {B5651D26-EA7D-49B0-9CC5-123543198ED5}
		{6F16ADFD-CC02-4CAC-95D9-575BF437E8E8} = {C56AEDEC-14BE-4554-BCA8-DA8B88330C8D}
		{61341421-BCC5-44EE-9FFF-656E1E78E0E9} = {6F16ADFD-CC02-4CAC-95D9-575BF437E8E8}
		{9C0B4DC0-4D71-48B2-A589-1D9EFD0C8DE0} = {C56AEDEC-14BE-4554-BCA8-DA8B88330C8D}
		{3EF38306-DDC8-42F9-923B-3DC288DF5BF5} = {9C0B4DC0-4D71-48B2-A589-1D9EFD0C8DE0}
		{A46E4D81-1CA1-46EF-9424-1073E2E54B15} = {E80390EA-362A-430D-B82A-48C5992AE209}
		{AE6914B2-312F-4D9A-B49B-514CFFE4CFD4} = {E80390EA-362A-430D-B82A-48C5992AE209}
		{5949935B-9EC1-4C47-87BE-1A8A5D56C127} = {E80390EA-362A-430D-B82A-48C5992AE209}
		{B7E86F53-7178-4866-8812-7B6AFFB88D71} = {C56AEDEC-14BE-4554-BCA8-DA8B88330C8D}
		{996CE0C6-45CA-4803-A601-6012D601C2E2} = {B7E86F53-7178-4866-8812-7B6AFFB88D71}
		{E3DE2F3E-AF1E-447C-BD04-020848375785} = {C56AEDEC-14BE-4554-BCA8-DA8B88330C8D}
		{E497D6C4-60EF-4768-B0C7-41C11820BFD7} = {E3DE2F3E-AF1E-447C-BD04-020848375785}
		{C711E5A7-6CCF-4D7E-BA84-8DC5176BF848} = {C56AEDEC-14BE-4554-BCA8-DA8B88330C8D}
		{2A15930F-C1A9-4D21-9A16-9D41DAE78B87} = {C711E5A7-6CCF-4D7E-BA84-8DC5176BF848}
		{64DDC586-FACB-44BD-B52C-A67FDA0CD042} = {C56AEDEC-14BE-4554-BCA8-DA8B88330C8D}
		{1BF33FC4-5819-4D02-9767-DFB67C976284} = {64DDC586-FACB-44BD-B52C-A67FDA0CD042}
		{6363A2D7-40A3-452E-91B3-DD2EA306B3DA} = {221A9CE4-63E7-4222-8776-3F4E7226A92F}
	EndGlobalSection
EndGlobal
